
Microsoft Visual Studio Solution File, Format Version 12.00
# Visual Studio Version 17
VisualStudioVersion = 17.0.31903.59
MinimumVisualStudioVersion = 10.0.40219.1
Project("{2150E333-8FDC-42A3-9474-1A3956D46DE8}") = "src", "src", "{A944C9D9-D774-4987-86F4-472D26798826}"
EndProject
Project("{FAE04EC0-301F-11D3-BF4B-00C04F79EFBC}") = "AdvertentieZoeker.Core", "src\AdvertentieZoeker.Core\AdvertentieZoeker.Core.csproj", "{2EDBFA23-DE95-4A7F-9657-496772E8933E}"
EndProject
Project("{2150E333-8FDC-42A3-9474-1A3956D46DE8}") = "tests", "tests", "{DC2F77F0-5FEC-4DBE-902D-D3CDDE401A4E}"
EndProject
Project("{FAE04EC0-301F-11D3-BF4B-00C04F79EFBC}") = "AdvertentieZoeker.Core.Tests", "tests\AdvertentieZoeker.Core.Tests\AdvertentieZoeker.Core.Tests.csproj", "{7E1A220C-4831-42A5-AA9D-C340A0090B6B}"
EndProject
Project("{FAE04EC0-301F-11D3-BF4B-00C04F79EFBC}") = "AdvertentieZoeker.App", "src\AdvertentieZoeker.App\AdvertentieZoeker.App.csproj", "{14155007-1AC9-4E36-B297-6FCD7B8CAAC2}"
EndProject
Global
	GlobalSection(SolutionConfigurationPlatforms) = preSolution
		Debug|Any CPU = Debug|Any CPU
		Release|Any CPU = Release|Any CPU
	EndGlobalSection
	GlobalSection(SolutionProperties) = preSolution
		HideSolutionNode = FALSE
	EndGlobalSection
	GlobalSection(ProjectConfigurationPlatforms) = postSolution
		{2EDBFA23-DE95-4A7F-9657-496772E8933E}.Debug|Any CPU.ActiveCfg = Debug|Any CPU
		{2EDBFA23-DE95-4A7F-9657-496772E8933E}.Debug|Any CPU.Build.0 = Debug|Any CPU
		{2EDBFA23-DE95-4A7F-9657-496772E8933E}.Release|Any CPU.ActiveCfg = Release|Any CPU
		{2EDBFA23-DE95-4A7F-9657-496772E8933E}.Release|Any CPU.Build.0 = Release|Any CPU
		{7E1A220C-4831-42A5-AA9D-C340A0090B6B}.Debug|Any CPU.ActiveCfg = Debug|Any CPU
		{7E1A220C-4831-42A5-AA9D-C340A0090B6B}.Debug|Any CPU.Build.0 = Debug|Any CPU
		{7E1A220C-4831-42A5-AA9D-C340A0090B6B}.Release|Any CPU.ActiveCfg = Release|Any CPU
		{7E1A220C-4831-42A5-AA9D-C340A0090B6B}.Release|Any CPU.Build.0 = Release|Any CPU
		{14155007-1AC9-4E36-B297-6FCD7B8CAAC2}.Debug|Any CPU.ActiveCfg = Debug|Any CPU
		{14155007-1AC9-4E36-B297-6FCD7B8CAAC2}.Debug|Any CPU.Build.0 = Debug|Any CPU
		{14155007-1AC9-4E36-B297-6FCD7B8CAAC2}.Release|Any CPU.ActiveCfg = Release|Any CPU
		{14155007-1AC9-4E36-B297-6FCD7B8CAAC2}.Release|Any CPU.Build.0 = Release|Any CPU
	EndGlobalSection
	GlobalSection(NestedProjects) = preSolution
		{2EDBFA23-DE95-4A7F-9657-496772E8933E} = {A944C9D9-D774-4987-86F4-472D26798826}
		{7E1A220C-4831-42A5-AA9D-C340A0090B6B} = {DC2F77F0-5FEC-4DBE-902D-D3CDDE401A4E}
		{14155007-1AC9-4E36-B297-6FCD7B8CAAC2} = {A944C9D9-D774-4987-86F4-472D26798826}
	EndGlobalSection
EndGlobal
